
Microsoft Visual Studio Solution File, Format Version 12.00
# Visual Studio 14
VisualStudioVersion = 14.0.25420.1
MinimumVisualStudioVersion = 10.0.40219.1
Project("{8BC9CEB8-8B4A-11D0-8D11-00A0C91BC942}") = "DeTaiD", "DeTaiD\DeTaiD.vcxproj", "{4D1CB60F-373B-4C54-BFE4-C7DCF7BCD41D}"
EndProject
Project("{8BC9CEB8-8B4A-11D0-8D11-00A0C91BC942}") = "ReDoDeTai", "ReDoDeTai\ReDoDeTai.vcxproj", "{6B23B212-7BCD-435F-B46D-E4B2817DA6A6}"
EndProject
Global
	GlobalSection(SolutionConfigurationPlatforms) = preSolution
		Debug|x64 = Debug|x64
		Debug|x86 = Debug|x86
		Release|x64 = Release|x64
		Release|x86 = Release|x86
	EndGlobalSection
	GlobalSection(ProjectConfigurationPlatforms) = postSolution
		{4D1CB60F-373B-4C54-BFE4-C7DCF7BCD41D}.Debug|x64.ActiveCfg = Debug|x64
		{4D1CB60F-373B-4C54-BFE4-C7DCF7BCD41D}.Debug|x64.Build.0 = Debug|x64
		{4D1CB60F-373B-4C54-BFE4-C7DCF7BCD41D}.Debug|x86.ActiveCfg = Debug|Win32
		{4D1CB60F-373B-4C54-BFE4-C7DCF7BCD41D}.Debug|x86.Build.0 = Debug|Win32
		{4D1CB60F-373B-4C54-BFE4-C7DCF7BCD41D}.Release|x64.ActiveCfg = Release|x64
		{4D1CB60F-373B-4C54-BFE4-C7DCF7BCD41D}.Release|x64.Build.0 = Release|x64
		{4D1CB60F-373B-4C54-BFE4-C7DCF7BCD41D}.Release|x86.ActiveCfg = Release|Win32
		{4D1CB60F-373B-4C54-BFE4-C7DCF7BCD41D}.Release|x86.Build.0 = Release|Win32
		{6B23B212-7BCD-435F-B46D-E4B2817DA6A6}.Debug|x64.ActiveCfg = Debug|x64
		{6B23B212-7BCD-435F-B46D-E4B2817DA6A6}.Debug|x64.Build.0 = Debug|x64
		{6B23B212-7BCD-435F-B46D-E4B2817DA6A6}.Debug|x86.ActiveCfg = Debug|Win32
		{6B23B212-7BCD-435F-B46D-E4B2817DA6A6}.Debug|x86.Build.0 = Debug|Win32
		{6B23B212-7BCD-435F-B46D-E4B2817DA6A6}.Release|x64.ActiveCfg = Release|x64
		{6B23B212-7BCD-435F-B46D-E4B2817DA6A6}.Release|x64.Build.0 = Release|x64
		{6B23B212-7BCD-435F-B46D-E4B2817DA6A6}.Release|x86.ActiveCfg = Release|Win32
		{6B23B212-7BCD-435F-B46D-E4B2817DA6A6}.Release|x86.Build.0 = Release|Win32
	EndGlobalSection
	GlobalSection(SolutionProperties) = preSolution
		HideSolutionNode = FALSE
	EndGlobalSection
EndGlobal
